
Microsoft Visual Studio Solution File, Format Version 12.00
# Visual Studio Version 16
VisualStudioVersion = 16.0.31112.23
MinimumVisualStudioVersion = 10.0.40219.1
Project("{FAE04EC0-301F-11D3-BF4B-00C04F79EFBC}") = "apiTelemetrai", "apiTelemetrai\apiTelemetrai.csproj", "{E4563759-8587-49ED-87FA-C4FAAA9373C3}"
EndProject
Project("{FAE04EC0-301F-11D3-BF4B-00C04F79EFBC}") = "fncLector", "fncLector\fncLector.csproj", "{216F38B6-0E6C-44AB-ACC5-BE5241BA1769}"
EndProject
Global
	GlobalSection(SolutionConfigurationPlatforms) = preSolution
		Debug|Any CPU = Debug|Any CPU
		Release|Any CPU = Release|Any CPU
	EndGlobalSection
	GlobalSection(ProjectConfigurationPlatforms) = postSolution
		{E4563759-8587-49ED-87FA-C4FAAA9373C3}.Debug|Any CPU.ActiveCfg = Debug|Any CPU
		{E4563759-8587-49ED-87FA-C4FAAA9373C3}.Debug|Any CPU.Build.0 = Debug|Any CPU
		{E4563759-8587-49ED-87FA-C4FAAA9373C3}.Release|Any CPU.ActiveCfg = Release|Any CPU
		{E4563759-8587-49ED-87FA-C4FAAA9373C3}.Release|Any CPU.Build.0 = Release|Any CPU
		{216F38B6-0E6C-44AB-ACC5-BE5241BA1769}.Debug|Any CPU.ActiveCfg = Debug|Any CPU
		{216F38B6-0E6C-44AB-ACC5-BE5241BA1769}.Debug|Any CPU.Build.0 = Debug|Any CPU
		{216F38B6-0E6C-44AB-ACC5-BE5241BA1769}.Release|Any CPU.ActiveCfg = Release|Any CPU
		{216F38B6-0E6C-44AB-ACC5-BE5241BA1769}.Release|Any CPU.Build.0 = Release|Any CPU
	EndGlobalSection
	GlobalSection(SolutionProperties) = preSolution
		HideSolutionNode = FALSE
	EndGlobalSection
	GlobalSection(ExtensibilityGlobals) = postSolution
		SolutionGuid = {C46CF4F0-67DD-4DB2-A009-390CC0F19AE1}
	EndGlobalSection
EndGlobal
